
Microsoft Visual Studio Solution File, Format Version 12.00
# Visual Studio 15
VisualStudioVersion = 15.0.28307.757
MinimumVisualStudioVersion = 10.0.40219.1
Project("{8BC9CEB8-8B4A-11D0-8D11-00A0C91BC942}") = "CUDA_bf", "CUDA_bf\CUDA_bf.vcxproj", "{60F2D48D-0F42-4531-B5B9-E4E8C779D905}"
EndProject
Global
	GlobalSection(SolutionConfigurationPlatforms) = preSolution
		Debug|x64 = Debug|x64
		Release|x64 = Release|x64
	EndGlobalSection
	GlobalSection(ProjectConfigurationPlatforms) = postSolution
		{60F2D48D-0F42-4531-B5B9-E4E8C779D905}.Debug|x64.ActiveCfg = Debug|x64
		{60F2D48D-0F42-4531-B5B9-E4E8C779D905}.Debug|x64.Build.0 = Debug|x64
		{60F2D48D-0F42-4531-B5B9-E4E8C779D905}.Release|x64.ActiveCfg = Release|x64
		{60F2D48D-0F42-4531-B5B9-E4E8C779D905}.Release|x64.Build.0 = Release|x64
	EndGlobalSection
	GlobalSection(SolutionProperties) = preSolution
		HideSolutionNode = FALSE
	EndGlobalSection
	GlobalSection(ExtensibilityGlobals) = postSolution
		SolutionGuid = {226A2EF8-77D4-4F97-9BE7-58FECF7AD86A}
	EndGlobalSection
EndGlobal
